
Microsoft Visual Studio Solution File, Format Version 12.00
# Visual Studio Version 16
VisualStudioVersion = 16.0.29215.179
MinimumVisualStudioVersion = 10.0.40219.1
Project("{FAE04EC0-301F-11D3-BF4B-00C04F79EFBC}") = "DiscoElysiumVoice", "DiscoElysiumVoice\DiscoElysiumVoice.csproj", "{576793C0-7D04-4069-BEF3-C388FDAE309F}"
EndProject
Project("{9A19103F-16F7-4668-BE54-9A1E7A4F7556}") = "DiscoElysiumReaderMod", "DiscoElysiumReaderMod\DiscoElysiumReaderMod.csproj", "{05BF94BE-6609-4CFC-91AD-80D79163FDF7}"
EndProject
Global
	GlobalSection(SolutionConfigurationPlatforms) = preSolution
		Debug|Any CPU = Debug|Any CPU
		Release|Any CPU = Release|Any CPU
	EndGlobalSection
	GlobalSection(ProjectConfigurationPlatforms) = postSolution
		{576793C0-7D04-4069-BEF3-C388FDAE309F}.Debug|Any CPU.ActiveCfg = Debug|Any CPU
		{576793C0-7D04-4069-BEF3-C388FDAE309F}.Debug|Any CPU.Build.0 = Debug|Any CPU
		{576793C0-7D04-4069-BEF3-C388FDAE309F}.Release|Any CPU.ActiveCfg = Release|Any CPU
		{576793C0-7D04-4069-BEF3-C388FDAE309F}.Release|Any CPU.Build.0 = Release|Any CPU
		{05BF94BE-6609-4CFC-91AD-80D79163FDF7}.Debug|Any CPU.ActiveCfg = Debug|Any CPU
		{05BF94BE-6609-4CFC-91AD-80D79163FDF7}.Debug|Any CPU.Build.0 = Debug|Any CPU
		{05BF94BE-6609-4CFC-91AD-80D79163FDF7}.Release|Any CPU.ActiveCfg = Release|Any CPU
		{05BF94BE-6609-4CFC-91AD-80D79163FDF7}.Release|Any CPU.Build.0 = Release|Any CPU
	EndGlobalSection
	GlobalSection(SolutionProperties) = preSolution
		HideSolutionNode = FALSE
	EndGlobalSection
	GlobalSection(ExtensibilityGlobals) = postSolution
		SolutionGuid = {487D9479-2345-4F60-B4D3-E71FCF1D8DBB}
	EndGlobalSection
EndGlobal
